
Microsoft Visual Studio Solution File, Format Version 12.00
# Visual Studio Version 17
VisualStudioVersion = 17.14.36301.6 d17.14
MinimumVisualStudioVersion = 10.0.40219.1
Project("{FAE04EC0-301F-11D3-BF4B-00C04F79EFBC}") = "TestAutoMind", "TestAutoMind\TestAutoMind.csproj", "{39DEE364-3739-45DD-A69B-4BAB252B66C6}"
EndProject
Global
	GlobalSection(SolutionConfigurationPlatforms) = preSolution
		Debug|Any CPU = Debug|Any CPU
		Release|Any CPU = Release|Any CPU
	EndGlobalSection
	GlobalSection(ProjectConfigurationPlatforms) = postSolution
		{39DEE364-3739-45DD-A69B-4BAB252B66C6}.Debug|Any CPU.ActiveCfg = Debug|Any CPU
		{39DEE364-3739-45DD-A69B-4BAB252B66C6}.Debug|Any CPU.Build.0 = Debug|Any CPU
		{39DEE364-3739-45DD-A69B-4BAB252B66C6}.Release|Any CPU.ActiveCfg = Release|Any CPU
		{39DEE364-3739-45DD-A69B-4BAB252B66C6}.Release|Any CPU.Build.0 = Release|Any CPU
	EndGlobalSection
	GlobalSection(SolutionProperties) = preSolution
		HideSolutionNode = FALSE
	EndGlobalSection
	GlobalSection(ExtensibilityGlobals) = postSolution
		SolutionGuid = {DFB3C6F0-2460-4864-A6D9-2A35387B025B}
	EndGlobalSection
EndGlobal
